
Microsoft Visual Studio Solution File, Format Version 12.00
# Visual Studio 2015
Project("{FAE04EC0-301F-11D3-BF4B-00C04F79EFBC}") = "Bubble Life.CSharp.Plugins", "Bubble Life.CSharp.Plugins.csproj", "{143BDD6D-49D4-26CF-6A5B-C25DFA6C3746}"
EndProject
Project("{FAE04EC0-301F-11D3-BF4B-00C04F79EFBC}") = "Bubble Life.CSharp", "Bubble Life.CSharp.csproj", "{27D292FB-15C8-C048-2703-DC6F89FEF34A}"
EndProject
Project("{FAE04EC0-301F-11D3-BF4B-00C04F79EFBC}") = "Bubble Life.CSharp.Editor", "Bubble Life.CSharp.Editor.csproj", "{6440B42A-5D48-15AD-633B-6038D5BDB28E}"
EndProject
Global
	GlobalSection(SolutionConfigurationPlatforms) = preSolution
		Debug|Any CPU = Debug|Any CPU
		Release|Any CPU = Release|Any CPU
	EndGlobalSection
	GlobalSection(ProjectConfigurationPlatforms) = postSolution
		{143BDD6D-49D4-26CF-6A5B-C25DFA6C3746}.Debug|Any CPU.ActiveCfg = Debug|Any CPU
		{143BDD6D-49D4-26CF-6A5B-C25DFA6C3746}.Debug|Any CPU.Build.0 = Debug|Any CPU
		{143BDD6D-49D4-26CF-6A5B-C25DFA6C3746}.Release|Any CPU.ActiveCfg = Release|Any CPU
		{143BDD6D-49D4-26CF-6A5B-C25DFA6C3746}.Release|Any CPU.Build.0 = Release|Any CPU
		{27D292FB-15C8-C048-2703-DC6F89FEF34A}.Debug|Any CPU.ActiveCfg = Debug|Any CPU
		{27D292FB-15C8-C048-2703-DC6F89FEF34A}.Debug|Any CPU.Build.0 = Debug|Any CPU
		{27D292FB-15C8-C048-2703-DC6F89FEF34A}.Release|Any CPU.ActiveCfg = Release|Any CPU
		{27D292FB-15C8-C048-2703-DC6F89FEF34A}.Release|Any CPU.Build.0 = Release|Any CPU
		{6440B42A-5D48-15AD-633B-6038D5BDB28E}.Debug|Any CPU.ActiveCfg = Debug|Any CPU
		{6440B42A-5D48-15AD-633B-6038D5BDB28E}.Debug|Any CPU.Build.0 = Debug|Any CPU
		{6440B42A-5D48-15AD-633B-6038D5BDB28E}.Release|Any CPU.ActiveCfg = Release|Any CPU
		{6440B42A-5D48-15AD-633B-6038D5BDB28E}.Release|Any CPU.Build.0 = Release|Any CPU
	EndGlobalSection
	GlobalSection(SolutionProperties) = preSolution
		HideSolutionNode = FALSE
	EndGlobalSection
EndGlobal
